
Microsoft Visual Studio Solution File, Format Version 11.00
# Visual Studio 2010
Project("{FAE04EC0-301F-11D3-BF4B-00C04F79EFBC}") = "WebApplication1", "WebApplication1\WebApplication1.csproj", "{C38EA0F2-C4BF-4687-8D9F-06BF1E3025A6}"
EndProject
Global
	GlobalSection(SolutionConfigurationPlatforms) = preSolution
		Debug|Any CPU = Debug|Any CPU
		Release|Any CPU = Release|Any CPU
	EndGlobalSection
	GlobalSection(ProjectConfigurationPlatforms) = postSolution
		{C38EA0F2-C4BF-4687-8D9F-06BF1E3025A6}.Debug|Any CPU.ActiveCfg = Debug|Any CPU
		{C38EA0F2-C4BF-4687-8D9F-06BF1E3025A6}.Debug|Any CPU.Build.0 = Debug|Any CPU
		{C38EA0F2-C4BF-4687-8D9F-06BF1E3025A6}.Release|Any CPU.ActiveCfg = Release|Any CPU
		{C38EA0F2-C4BF-4687-8D9F-06BF1E3025A6}.Release|Any CPU.Build.0 = Release|Any CPU
	EndGlobalSection
	GlobalSection(SolutionProperties) = preSolution
		HideSolutionNode = FALSE
	EndGlobalSection
EndGlobal
